PODS:
  - LoginTextField (1.1.0)
  - LoginTextField/Test (1.1.0)

DEPENDENCIES:
  - LoginTextField (from `..`)
  - LoginTextField/Test (from `..`)

EXTERNAL SOURCES:
  LoginTextField:
    :path: ..

SPEC CHECKSUMS:
  LoginTextField: 6908c77649513f19399730b8b67f6501db0f3304

PODFILE CHECKSUM: 794d0df0fe7099a406d1a8e265052e9b3cf26e67

COCOAPODS: 1.4.0.beta.2
